
Microsoft Visual Studio Solution File, Format Version 11.00
# Visual Studio 2010
Project("{FAE04EC0-301F-11D3-BF4B-00C04F79EFBC}") = "Routing.Web", "Routing.Web\Routing.Web.csproj", "{577677B5-C3B2-4721-B508-047A39A6B9BC}"
EndProject
Project("{FAE04EC0-301F-11D3-BF4B-00C04F79EFBC}") = "Routing.Web.Tests", "Routing.Web.Tests\Routing.Web.Tests.csproj", "{6FE92432-D0F8-4224-87BC-2EDEEC362D2B}"
EndProject
Project("{FAE04EC0-301F-11D3-BF4B-00C04F79EFBC}") = "Routing.Rest", "Routing.Rest\Routing.Rest.csproj", "{D61792B0-E3AD-449C-8AC4-02D723DC0932}"
EndProject
Global
	GlobalSection(SolutionConfigurationPlatforms) = preSolution
		Debug|Any CPU = Debug|Any CPU
		Release|Any CPU = Release|Any CPU
	EndGlobalSection
	GlobalSection(ProjectConfigurationPlatforms) = postSolution
		{577677B5-C3B2-4721-B508-047A39A6B9BC}.Debug|Any CPU.ActiveCfg = Debug|Any CPU
		{577677B5-C3B2-4721-B508-047A39A6B9BC}.Debug|Any CPU.Build.0 = Debug|Any CPU
		{577677B5-C3B2-4721-B508-047A39A6B9BC}.Release|Any CPU.ActiveCfg = Release|Any CPU
		{577677B5-C3B2-4721-B508-047A39A6B9BC}.Release|Any CPU.Build.0 = Release|Any CPU
		{6FE92432-D0F8-4224-87BC-2EDEEC362D2B}.Debug|Any CPU.ActiveCfg = Debug|Any CPU
		{6FE92432-D0F8-4224-87BC-2EDEEC362D2B}.Debug|Any CPU.Build.0 = Debug|Any CPU
		{6FE92432-D0F8-4224-87BC-2EDEEC362D2B}.Release|Any CPU.ActiveCfg = Release|Any CPU
		{6FE92432-D0F8-4224-87BC-2EDEEC362D2B}.Release|Any CPU.Build.0 = Release|Any CPU
		{D61792B0-E3AD-449C-8AC4-02D723DC0932}.Debug|Any CPU.ActiveCfg = Debug|Any CPU
		{D61792B0-E3AD-449C-8AC4-02D723DC0932}.Debug|Any CPU.Build.0 = Debug|Any CPU
		{D61792B0-E3AD-449C-8AC4-02D723DC0932}.Release|Any CPU.ActiveCfg = Release|Any CPU
		{D61792B0-E3AD-449C-8AC4-02D723DC0932}.Release|Any CPU.Build.0 = Release|Any CPU
	EndGlobalSection
	GlobalSection(SolutionProperties) = preSolution
		HideSolutionNode = FALSE
	EndGlobalSection
EndGlobal
